
Microsoft Visual Studio Solution File, Format Version 12.00
# Visual Studio 2012
Project("{FAE04EC0-301F-11D3-BF4B-00C04F79EFBC}") = "ProcessesSelfHost", "Processes\ProcessesSelfHost.csproj", "{B186DFE4-C49D-4907-AA5F-4B46A0220B81}"
EndProject
Project("{FAE04EC0-301F-11D3-BF4B-00C04F79EFBC}") = "ProcessesWebHost", "ProcessesWebHost\ProcessesWebHost.csproj", "{4EBDD97A-BBC6-4EE5-B5D5-5E0D1072623A}"
EndProject
Global
	GlobalSection(SolutionConfigurationPlatforms) = preSolution
		Debug|Any CPU = Debug|Any CPU
		Release|Any CPU = Release|Any CPU
	EndGlobalSection
	GlobalSection(ProjectConfigurationPlatforms) = postSolution
		{B186DFE4-C49D-4907-AA5F-4B46A0220B81}.Debug|Any CPU.ActiveCfg = Debug|Any CPU
		{B186DFE4-C49D-4907-AA5F-4B46A0220B81}.Debug|Any CPU.Build.0 = Debug|Any CPU
		{B186DFE4-C49D-4907-AA5F-4B46A0220B81}.Release|Any CPU.ActiveCfg = Release|Any CPU
		{B186DFE4-C49D-4907-AA5F-4B46A0220B81}.Release|Any CPU.Build.0 = Release|Any CPU
		{4EBDD97A-BBC6-4EE5-B5D5-5E0D1072623A}.Debug|Any CPU.ActiveCfg = Debug|Any CPU
		{4EBDD97A-BBC6-4EE5-B5D5-5E0D1072623A}.Debug|Any CPU.Build.0 = Debug|Any CPU
		{4EBDD97A-BBC6-4EE5-B5D5-5E0D1072623A}.Release|Any CPU.ActiveCfg = Release|Any CPU
		{4EBDD97A-BBC6-4EE5-B5D5-5E0D1072623A}.Release|Any CPU.Build.0 = Release|Any CPU
	EndGlobalSection
	GlobalSection(SolutionProperties) = preSolution
		HideSolutionNode = FALSE
	EndGlobalSection
EndGlobal
